// !$*UTF8*$!
{
	archiveVersion = 1;
	classes = {
	};
	objectVersion = 50;
	objects = {

/* Begin PBXBuildFile section */
		01EC8D342458E4170094EA68 /* AppDelegate.swift in Sources */ = {isa = PBXBuildFile; fileRef = 01EC8D332458E4170094EA68 /* AppDelegate.swift */; };
		01EC8D362458E4170094EA68 /* SceneDelegate.swift in Sources */ = {isa = PBXBuildFile; fileRef = 01EC8D352458E4170094EA68 /* SceneDelegate.swift */; };
		01EC8D382458E4170094EA68 /* ViewController.swift in Sources */ = {isa = PBXBuildFile; fileRef = 01EC8D372458E4170094EA68 /* ViewController.swift */; };
		01EC8D3B2458E4170094EA68 /* Main.storyboard in Resources */ = {isa = PBXBuildFile; fileRef = 01EC8D392458E4170094EA68 /* Main.storyboard */; };
		01EC8D3D2458E41C0094EA68 /* Assets.xcassets in Resources */ = {isa = PBXBuildFile; fileRef = 01EC8D3C2458E41C0094EA68 /* Assets.xcassets */; };
		01EC8D402458E41C0094EA68 /* LaunchScreen.storyboard in Resources */ = {isa = PBXBuildFile; fileRef = 01EC8D3E2458E41C0094EA68 /* LaunchScreen.storyboard */; };
		01EC8D482458EE060094EA68 /* TodoList.swift in Sources */ = {isa = PBXBuildFile; fileRef = 01EC8D472458EE060094EA68 /* TodoList.swift */; };
/* End PBXBuildFile section */

/* Begin PBXFileReference section */
		01EC8D302458E4160094EA68 /* iTahDooble.app */ = {isa = PBXFileReference; explicitFileType = wrapper.application; includeInIndex = 0; path = iTahDooble.app; sourceTree = BUILT_PRODUCTS_DIR; };
		01EC8D332458E4170094EA68 /* AppDelegate.swift */ = {isa = PBXFileReference; lastKnownFileType = sourcecode.swift; path = AppDelegate.swift; sourceTree = "<group>"; };
		01EC8D352458E4170094EA68 /* SceneDelegate.swift */ = {isa = PBXFileReference; lastKnownFileType = sourcecode.swift; path = SceneDelegate.swift; sourceTree = "<group>"; };
		01EC8D372458E4170094EA68 /* ViewController.swift */ = {isa = PBXFileReference; lastKnownFileType = sourcecode.swift; path = ViewController.swift; sourceTree = "<group>"; };
		01EC8D3A2458E4170094EA68 /* Base */ = {isa = PBXFileReference; lastKnownFileType = file.storyboard; name = Base; path = Base.lproj/Main.storyboard; sourceTree = "<group>"; };
		01EC8D3C2458E41C0094EA68 /* Assets.xcassets */ = {isa = PBXFileReference; lastKnownFileType = folder.assetcatalog; path = Assets.xcassets; sourceTree = "<group>"; };
		01EC8D3F2458E41C0094EA68 /* Base */ = {isa = PBXFileReference; lastKnownFileType = file.storyboard; name = Base; path = Base.lproj/LaunchScreen.storyboard; sourceTree = "<group>"; };
		01EC8D412458E41C0094EA68 /* Info.plist */ = {isa = PBXFileReference; lastKnownFileType = text.plist.xml; path = Info.plist; sourceTree = "<group>"; };
		01EC8D472458EE060094EA68 /* TodoList.swift */ = {isa = PBXFileReference; lastKnownFileType = sourcecode.swift; path = TodoList.swift; sourceTree = "<group>"; };
/* End PBXFileReference section */

/* Begin PBXFrameworksBuildPhase section */
		01EC8D2D2458E4160094EA68 /* Frameworks */ = {
			isa = PBXFrameworksBuildPhase;
			buildActionMask = 2147483647;
			files = (
			);
			runOnlyForDeploymentPostprocessing = 0;
		};
/* End PBXFrameworksBuildPhase section */

/* Begin PBXGroup section */
		01EC8D272458E4160094EA68 = {
			isa = PBXGroup;
			children = (
				01EC8D322458E4160094EA68 /* iTahDooble */,
				01EC8D312458E4160094EA68 /* Products */,
			);
			sourceTree = "<group>";
		};
		01EC8D312458E4160094EA68 /* Products */ = {
			isa = PBXGroup;
			children = (
				01EC8D302458E4160094EA68 /* iTahDooble.app */,
			);
			name = Products;
			sourceTree = "<group>";
		};
		01EC8D322458E4160094EA68 /* iTahDooble */ = {
			isa = PBXGroup;
			children = (
				01EC8D332458E4170094EA68 /* AppDelegate.swift */,
				01EC8D352458E4170094EA68 /* SceneDelegate.swift */,
				01EC8D372458E4170094EA68 /* ViewController.swift */,
				01EC8D392458E4170094EA68 /* Main.storyboard */,
				01EC8D472458EE060094EA68 /* TodoList.swift */,
				01EC8D3C2458E41C0094EA68 /* Assets.xcassets */,
				01EC8D3E2458E41C0094EA68 /* LaunchScreen.storyboard */,
				01EC8D412458E41C0094EA68 /* Info.plist */,
			);
			path = iTahDooble;
			sourceTree = "<group>";
		};
/* End PBXGroup section */

/* Begin PBXNativeTarget section */
		01EC8D2F2458E4160094EA68 /* iTahDooble */ = {
			isa = PBXNativeTarget;
			buildConfigurationList = 01EC8D442458E41C0094EA68 /* Build configuration list for PBXNativeTarget "iTahDooble" */;
			buildPhases = (
				01EC8D2C2458E4160094EA68 /* Sources */,
				01EC8D2D2458E4160094EA68 /* Frameworks */,
				01EC8D2E2458E4160094EA68 /* Resources */,
			);
			buildRules = (
			);
			dependencies = (
			);
			name = iTahDooble;
			productName = iTahDooble;
			productReference = 01EC8D302458E4160094EA68 /* iTahDooble.app */;
			productType = "com.apple.product-type.application";
		};
/* End PBXNativeTarget section */

/* Begin PBXProject section */
		01EC8D282458E4160094EA68 /* Project object */ = {
			isa = PBXProject;
			attributes = {
				LastSwiftUpdateCheck = 1120;
				LastUpgradeCheck = 1120;
				ORGANIZATIONNAME = annilq;
				TargetAttributes = {
					01EC8D2F2458E4160094EA68 = {
						CreatedOnToolsVersion = 11.2.1;
					};
				};
			};
			buildConfigurationList = 01EC8D2B2458E4160094EA68 /* Build configuration list for PBXProject "iTahDooble" */;
			compatibilityVersion = "Xcode 9.3";
			developmentRegion = en;
			hasScannedForEncodings = 0;
			knownRegions = (
				en,
				Base,
			);
			mainGroup = 01EC8D272458E4160094EA68;
			productRefGroup = 01EC8D312458E4160094EA68 /* Products */;
			projectDirPath = "";
			projectRoot = "";
			targets = (
				01EC8D2F2458E4160094EA68 /* iTahDooble */,
			);
		};
/* End PBXProject section */

/* Begin PBXResourcesBuildPhase section */
		01EC8D2E2458E4160094EA68 /* Resources */ = {
			isa = PBXResourcesBuildPhase;
			buildActionMask = 2147483647;
			files = (
				01EC8D402458E41C0094EA68 /* LaunchScreen.storyboard in Resources */,
				01EC8D3D2458E41C0094EA68 /* Assets.xcassets in Resources */,
				01EC8D3B2458E4170094EA68 /* Main.storyboard in Resources */,
			);
			runOnlyForDeploymentPostprocessing = 0;
		};
/* End PBXResourcesBuildPhase section */

/* Begin PBXSourcesBuildPhase section */
		01EC8D2C2458E4160094EA68 /* Sources */ = {
			isa = PBXSourcesBuildPhase;
			buildActionMask = 2147483647;
			files = (
				01EC8D382458E4170094EA68 /* ViewController.swift in Sources */,
				01EC8D342458E4170094EA68 /* AppDelegate.swift in Sources */,
				01EC8D362458E4170094EA68 /* SceneDelegate.swift in Sources */,
				01EC8D482458EE060094EA68 /* TodoList.swift in Sources */,
			);
			runOnlyForDeploymentPostprocessing = 0;
		};
/* End PBXSourcesBuildPhase section */

/* Begin PBXVariantGroup section */
		01EC8D392458E4170094EA68 /* Main.storyboard */ = {
			isa = PBXVariantGroup;
			children = (
				01EC8D3A2458E4170094EA68 /* Base */,
			);
			name = Main.storyboard;
			sourceTree = "<group>";
		};
		01EC8D3E2458E41C0094EA68 /* LaunchScreen.storyboard */ = {
			isa = PBXVariantGroup;
			children = (
				01EC8D3F2458E41C0094EA68 /* Base */,
			);
			name = LaunchScreen.storyboard;
			sourceTree = "<group>";
		};
/* End PBXVariantGroup section */

/* Begin XCBuildConfiguration section */
		01EC8D422458E41C0094EA68 /* Debug */ = {
			isa = XCBuildConfiguration;
			buildSettings = {
				ALWAYS_SEARCH_USER_PATHS = NO;
				CLANG_ANALYZER_NONNULL = YES;
				CLANG_ANALYZER_NUMBER_OBJECT_CONVERSION = YES_AGGRESSIVE;
				CLANG_CXX_LANGUAGE_STANDARD = "gnu++14";
				CLANG_CXX_LIBRARY = "libc++";
				CLANG_ENABLE_MODULES = YES;
				CLANG_ENABLE_OBJC_ARC = YES;
				CLANG_ENABLE_OBJC_WEAK = YES;
				CLANG_WARN_BLOCK_CAPTURE_AUTORELEASING = YES;
				CLANG_WARN_BOOL_CONVERSION = YES;
				CLANG_WARN_COMMA = YES;
				CLANG_WARN_CONSTANT_CONVERSION = YES;
				CLANG_WARN_DEPRECATED_OBJC_IMPLEMENTATIONS = YES;
				CLANG_WARN_DIRECT_OBJC_ISA_USAGE = YES_ERROR;
				CLANG_WARN_DOCUMENTATION_COMMENTS = YES;
				CLANG_WARN_EMPTY_BODY = YES;
				CLANG_WARN_ENUM_CONVERSION = YES;
				CLANG_WARN_INFINITE_RECURSION = YES;
				CLANG_WARN_INT_CONVERSION = YES;
				CLANG_WARN_NON_LITERAL_NULL_CONVERSION = YES;
				CLANG_WARN_OBJC_IMPLICIT_RETAIN_SELF = YES;
				CLANG_WARN_OBJC_LITERAL_CONVERSION = YES;
				CLANG_WARN_OBJC_ROOT_CLASS = YES_ERROR;
				CLANG_WARN_RANGE_LOOP_ANALYSIS = YES;
				CLANG_WARN_STRICT_PROTOTYPES = YES;
				CLANG_WARN_SUSPICIOUS_MOVE = YES;
				CLANG_WARN_UNGUARDED_AVAILABILITY = YES_AGGRESSIVE;
				CLANG_WARN_UNREACHABLE_CODE = YES;
				CLANG_WARN__DUPLICATE_METHOD_MATCH = YES;
				COPY_PHASE_STRIP = NO;
				DEBUG_INFORMATION_FORMAT = dwarf;
				ENABLE_STRICT_OBJC_MSGSEND = YES;
				ENABLE_TESTABILITY = YES;
				GCC_C_LANGUAGE_STANDARD = gnu11;
				GCC_DYNAMIC_NO_PIC = NO;
				GCC_NO_COMMON_BLOCKS = YES;
				GCC_OPTIMIZATION_LEVEL = 0;
				GCC_PREPROCESSOR_DEFINITIONS = (
					"DEBUG=1",
					"$(inherited)",
				);
				GCC_WARN_64_TO_32_BIT_CONVERSION = YES;
				GCC_WARN_ABOUT_RETURN_TYPE = YES_ERROR;
				GCC_WARN_UNDECLARED_SELECTOR = YES;
				GCC_WARN_UNINITIALIZED_AUTOS = YES_AGGRESSIVE;
				GCC_WARN_UNUSED_FUNCTION = YES;
				GCC_WARN_UNUSED_VARIABLE = YES;
				IPHONEOS_DEPLOYMENT_TARGET = 13.2;
				MTL_ENABLE_DEBUG_INFO = INCLUDE_SOURCE;
				MTL_FAST_MATH = YES;
				ONLY_ACTIVE_ARCH = YES;
				SDKROOT = iphoneos;
				SWIFT_ACTIVE_COMPILATION_CONDITIONS = DEBUG;
				SWIFT_OPTIMIZATION_LEVEL = "-Onone";
			};
			name = Debug;
		};
		01EC8D432458E41C0094EA68 /* Release */ = {
			isa = XCBuildConfiguration;
			buildSettings = {
				ALWAYS_SEARCH_USER_PATHS = NO;
				CLANG_ANALYZER_NONNULL = YES;
				CLANG_ANALYZER_NUMBER_OBJECT_CONVERSION = YES_AGGRESSIVE;
				CLANG_CXX_LANGUAGE_STANDARD = "gnu++14";
				CLANG_CXX_LIBRARY = "libc++";
				CLANG_ENABLE_MODULES = YES;
				CLANG_ENABLE_OBJC_ARC = YES;
				CLANG_ENABLE_OBJC_WEAK = YES;
				CLANG_WARN_BLOCK_CAPTURE_AUTORELEASING = YES;
				CLANG_WARN_BOOL_CONVERSION = YES;
				CLANG_WARN_COMMA = YES;
				CLANG_WARN_CONSTANT_CONVERSION = YES;
				CLANG_WARN_DEPRECATED_OBJC_IMPLEMENTATIONS = YES;
				CLANG_WARN_DIRECT_OBJC_ISA_USAGE = YES_ERROR;
				CLANG_WARN_DOCUMENTATION_COMMENTS = YES;
				CLANG_WARN_EMPTY_BODY = YES;
				CLANG_WARN_ENUM_CONVERSION = YES;
				CLANG_WARN_INFINITE_RECURSION = YES;
				CLANG_WARN_INT_CONVERSION = YES;
				CLANG_WARN_NON_LITERAL_NULL_CONVERSION = YES;
				CLANG_WARN_OBJC_IMPLICIT_RETAIN_SELF = YES;
				CLANG_WARN_OBJC_LITERAL_CONVERSION = YES;
				CLANG_WARN_OBJC_ROOT_CLASS = YES_ERROR;
				CLANG_WARN_RANGE_LOOP_ANALYSIS = YES;
				CLANG_WARN_STRICT_PROTOTYPES = YES;
				CLANG_WARN_SUSPICIOUS_MOVE = YES;
				CLANG_WARN_UNGUARDED_AVAILABILITY = YES_AGGRESSIVE;
				CLANG_WARN_UNREACHABLE_CODE = YES;
				CLANG_WARN__DUPLICATE_METHOD_MATCH = YES;
				COPY_PHASE_STRIP = NO;
				DEBUG_INFORMATION_FORMAT = "dwarf-with-dsym";
				ENABLE_NS_ASSERTIONS = NO;
				ENABLE_STRICT_OBJC_MSGSEND = YES;
				GCC_C_LANGUAGE_STANDARD = gnu11;
				GCC_NO_COMMON_BLOCKS = YES;
				GCC_WARN_64_TO_32_BIT_CONVERSION = YES;
				GCC_WARN_ABOUT_RETURN_TYPE = YES_ERROR;
				GCC_WARN_UNDECLARED_SELECTOR = YES;
				GCC_WARN_UNINITIALIZED_AUTOS = YES_AGGRESSIVE;
				GCC_WARN_UNUSED_FUNCTION = YES;
				GCC_WARN_UNUSED_VARIABLE = YES;
				IPHONEOS_DEPLOYMENT_TARGET = 13.2;
				MTL_ENABLE_DEBUG_INFO = NO;
				MTL_FAST_MATH = YES;
				SDKROOT = iphoneos;
				SWIFT_COMPILATION_MODE = wholemodule;
				SWIFT_OPTIMIZATION_LEVEL = "-O";
				VALIDATE_PRODUCT = YES;
			};
			name = Release;
		};
		01EC8D452458E41C0094EA68 /* Debug */ = {
			isa = XCBuildConfiguration;
			buildSettings = {
				ASSETCATALOG_COMPILER_APPICON_NAME = AppIcon;
				CODE_SIGN_STYLE = Automatic;
				DEVELOPMENT_TEAM = 79N4SQ28KV;
				INFOPLIST_FILE = iTahDooble/Info.plist;
				LD_RUNPATH_SEARCH_PATHS = (
					"$(inherited)",
					"@executable_path/Frameworks",
				);
				PRODUCT_BUNDLE_IDENTIFIER = com.swift.iTahDooble;
				PRODUCT_NAME = "$(TARGET_NAME)";
				SWIFT_VERSION = 5.0;
				TARGETED_DEVICE_FAMILY = "1,2";
			};
			name = Debug;
		};
		01EC8D462458E41C0094EA68 /* Release */ = {
			isa = XCBuildConfiguration;
			buildSettings = {
				ASSETCATALOG_COMPILER_APPICON_NAME = AppIcon;
				CODE_SIGN_STYLE = Automatic;
				DEVELOPMENT_TEAM = 79N4SQ28KV;
				INFOPLIST_FILE = iTahDooble/Info.plist;
				LD_RUNPATH_SEARCH_PATHS = (
					"$(inherited)",
					"@executable_path/Frameworks",
				);
				PRODUCT_BUNDLE_IDENTIFIER = com.swift.iTahDooble;
				PRODUCT_NAME = "$(TARGET_NAME)";
				SWIFT_VERSION = 5.0;
				TARGETED_DEVICE_FAMILY = "1,2";
			};
			name = Release;
		};
/* End XCBuildConfiguration section */

/* Begin XCConfigurationList section */
		01EC8D2B2458E4160094EA68 /* Build configuration list for PBXProject "iTahDooble" */ = {
			isa = XCConfigurationList;
			buildConfigurations = (
				01EC8D422458E41C0094EA68 /* Debug */,
				01EC8D432458E41C0094EA68 /* Release */,
			);
			defaultConfigurationIsVisible = 0;
			defaultConfigurationName = Release;
		};
		01EC8D442458E41C0094EA68 /* Build configuration list for PBXNativeTarget "iTahDooble" */ = {
			isa = XCConfigurationList;
			buildConfigurations = (
				01EC8D452458E41C0094EA68 /* Debug */,
				01EC8D462458E41C0094EA68 /* Release */,
			);
			defaultConfigurationIsVisible = 0;
			defaultConfigurationName = Release;
		};
/* End XCConfigurationList section */
	};
	rootObject = 01EC8D282458E4160094EA68 /* Project object */;
}
